
Microsoft Visual Studio Solution File, Format Version 12.00
# Visual Studio 15
Project("{FAE04EC0-301F-11D3-BF4B-00C04F79EFBC}") = "Assembly-CSharp", "Assembly-CSharp.csproj", "{F20A2527-44C9-EFEE-AD8A-9253D6F0AFEA}"
EndProject
Global
	GlobalSection(SolutionConfigurationPlatforms) = preSolution
		Debug|Any CPU = Debug|Any CPU
		Release|Any CPU = Release|Any CPU
	EndGlobalSection
	GlobalSection(ProjectConfigurationPlatforms) = postSolution
		{F20A2527-44C9-EFEE-AD8A-9253D6F0AFEA}.Debug|Any CPU.ActiveCfg = Debug|Any CPU
		{F20A2527-44C9-EFEE-AD8A-9253D6F0AFEA}.Debug|Any CPU.Build.0 = Debug|Any CPU
		{F20A2527-44C9-EFEE-AD8A-9253D6F0AFEA}.Release|Any CPU.ActiveCfg = Release|Any CPU
		{F20A2527-44C9-EFEE-AD8A-9253D6F0AFEA}.Release|Any CPU.Build.0 = Release|Any CPU
	EndGlobalSection
	GlobalSection(SolutionProperties) = preSolution
		HideSolutionNode = FALSE
	EndGlobalSection
EndGlobal
